
Microsoft Visual Studio Solution File, Format Version 12.00
# Visual Studio 2013
VisualStudioVersion = 12.0.31101.0
MinimumVisualStudioVersion = 10.0.40219.1
Project("{2150E333-8FDC-42A3-9474-1A3956D46DE8}") = "demos", "demos", "{71DC4F11-64C5-48B7-AEF7-DF87B720FB77}"
EndProject
Project("{2150E333-8FDC-42A3-9474-1A3956D46DE8}") = "tests", "tests", "{41EFD92F-7CE5-4B1B-AD14-6F8FC2884244}"
EndProject
Project("{2150E333-8FDC-42A3-9474-1A3956D46DE8}") = "ldopa", "ldopa", "{985EC141-2EE2-49FB-9E7D-9AB8F3D17130}"
EndProject
Project("{8BC9CEB8-8B4A-11D0-8D11-00A0C91BC942}") = "BoostGraph1", "..\..\demos\vs12\BoostGraph1\BoostGraph1.vcxproj", "{9FBA95E3-D47A-45F3-B0A7-F39112843E22}"
EndProject
Project("{8BC9CEB8-8B4A-11D0-8D11-00A0C91BC942}") = "graphs1", "..\..\demos\vs12\ldopa\graphs1\graphs1.vcxproj", "{6DF9D5E6-F073-4B0E-B6DE-6AF5FE1F7B56}"
EndProject
Project("{2150E333-8FDC-42A3-9474-1A3956D46DE8}") = "ts", "ts", "{470BAF4D-95F8-41B2-B20A-34CFC157AF28}"
EndProject
Project("{8BC9CEB8-8B4A-11D0-8D11-00A0C91BC942}") = "FixedWsTsBuilder", "..\..\demos\vs12\ldopa\trss\FixedWsTsBuilder\FixedWsTsBuilder.vcxproj", "{5229C0BF-3750-4E52-A2A9-392D25C5E37F}"
	ProjectSection(ProjectDependencies) = postProject
		{9D077119-87EC-40EF-8955-1F5D16A73C73} = {9D077119-87EC-40EF-8955-1F5D16A73C73}
		{C3CF231B-43BE-430E-A0AC-85F26607D37E} = {C3CF231B-43BE-430E-A0AC-85F26607D37E}
		{17EA9831-0DF2-420C-878A-800DCCB7BFE9} = {17EA9831-0DF2-420C-878A-800DCCB7BFE9}
		{DAA016AA-BD0E-405B-811C-518DB57F5152} = {DAA016AA-BD0E-405B-811C-518DB57F5152}
	EndProjectSection
EndProject
Project("{2150E333-8FDC-42A3-9474-1A3956D46DE8}") = "docs", "docs", "{6F3CA6C8-48BB-4855-A7BA-361913691ABF}"
	ProjectSection(SolutionItems) = preProject
		..\..\docs\sol\sol-todo.txt = ..\..\docs\sol\sol-todo.txt
	EndProjectSection
EndProject
Project("{8BC9CEB8-8B4A-11D0-8D11-00A0C91BC942}") = "eventlog.vc120", "projects\eventlog\eventlog.vc120.vcxproj", "{9D077119-87EC-40EF-8955-1F5D16A73C73}"
	ProjectSection(ProjectDependencies) = postProject
		{DAA016AA-BD0E-405B-811C-518DB57F5152} = {DAA016AA-BD0E-405B-811C-518DB57F5152}
	EndProjectSection
EndProject
Project("{8BC9CEB8-8B4A-11D0-8D11-00A0C91BC942}") = "core.vc120", "projects\core\core.vc120.vcxproj", "{DAA016AA-BD0E-405B-811C-518DB57F5152}"
EndProject
Project("{8BC9CEB8-8B4A-11D0-8D11-00A0C91BC942}") = "graphs.vc120", "projects\graphs\graphs.vc120.vcxproj", "{17EA9831-0DF2-420C-878A-800DCCB7BFE9}"
	ProjectSection(ProjectDependencies) = postProject
		{DAA016AA-BD0E-405B-811C-518DB57F5152} = {DAA016AA-BD0E-405B-811C-518DB57F5152}
	EndProjectSection
EndProject
Project("{8BC9CEB8-8B4A-11D0-8D11-00A0C91BC942}") = "ts.vc120", "projects\ts\ts.vc120.vcxproj", "{C3CF231B-43BE-430E-A0AC-85F26607D37E}"
	ProjectSection(ProjectDependencies) = postProject
		{9D077119-87EC-40EF-8955-1F5D16A73C73} = {9D077119-87EC-40EF-8955-1F5D16A73C73}
		{17EA9831-0DF2-420C-878A-800DCCB7BFE9} = {17EA9831-0DF2-420C-878A-800DCCB7BFE9}
		{DAA016AA-BD0E-405B-811C-518DB57F5152} = {DAA016AA-BD0E-405B-811C-518DB57F5152}
	EndProjectSection
EndProject
Project("{8BC9CEB8-8B4A-11D0-8D11-00A0C91BC942}") = "eventlog_test", "..\..\tests\gtest\sol\vs12\projects\eventlog_test\eventlog_test.vcxproj", "{3471D1E2-2A2C-481A-8028-E4295D793744}"
	ProjectSection(ProjectDependencies) = postProject
		{9D077119-87EC-40EF-8955-1F5D16A73C73} = {9D077119-87EC-40EF-8955-1F5D16A73C73}
		{DAA016AA-BD0E-405B-811C-518DB57F5152} = {DAA016AA-BD0E-405B-811C-518DB57F5152}
	EndProjectSection
EndProject
Project("{8BC9CEB8-8B4A-11D0-8D11-00A0C91BC942}") = "graphs_test", "..\..\tests\gtest\sol\vs12\projects\graphs_test\graphs_test.vcxproj", "{F2548564-4879-4DA3-A85E-8EAA39EED2EB}"
	ProjectSection(ProjectDependencies) = postProject
		{17EA9831-0DF2-420C-878A-800DCCB7BFE9} = {17EA9831-0DF2-420C-878A-800DCCB7BFE9}
		{DAA016AA-BD0E-405B-811C-518DB57F5152} = {DAA016AA-BD0E-405B-811C-518DB57F5152}
	EndProjectSection
EndProject
Project("{2150E333-8FDC-42A3-9474-1A3956D46DE8}") = "graphs", "graphs", "{6F6428F8-883D-45E6-BCA1-F1F2580DEE57}"
EndProject
Project("{8BC9CEB8-8B4A-11D0-8D11-00A0C91BC942}") = "ts_test", "..\..\tests\gtest\sol\vs12\projects\ts_test\ts_test.vcxproj", "{CB1928C2-0821-4164-AC2A-1C15DD0CE12A}"
	ProjectSection(ProjectDependencies) = postProject
		{9D077119-87EC-40EF-8955-1F5D16A73C73} = {9D077119-87EC-40EF-8955-1F5D16A73C73}
		{C3CF231B-43BE-430E-A0AC-85F26607D37E} = {C3CF231B-43BE-430E-A0AC-85F26607D37E}
		{17EA9831-0DF2-420C-878A-800DCCB7BFE9} = {17EA9831-0DF2-420C-878A-800DCCB7BFE9}
		{DAA016AA-BD0E-405B-811C-518DB57F5152} = {DAA016AA-BD0E-405B-811C-518DB57F5152}
	EndProjectSection
EndProject
Project("{8BC9CEB8-8B4A-11D0-8D11-00A0C91BC942}") = "performance_test", "..\..\tests\gtest\sol\vs12\projects\performance_test\performance_test.vcxproj", "{D11DB07A-8E77-4470-AEB3-A4E734436F71}"
	ProjectSection(ProjectDependencies) = postProject
		{9D077119-87EC-40EF-8955-1F5D16A73C73} = {9D077119-87EC-40EF-8955-1F5D16A73C73}
		{C3CF231B-43BE-430E-A0AC-85F26607D37E} = {C3CF231B-43BE-430E-A0AC-85F26607D37E}
		{17EA9831-0DF2-420C-878A-800DCCB7BFE9} = {17EA9831-0DF2-420C-878A-800DCCB7BFE9}
		{DAA016AA-BD0E-405B-811C-518DB57F5152} = {DAA016AA-BD0E-405B-811C-518DB57F5152}
	EndProjectSection
EndProject
Project("{2150E333-8FDC-42A3-9474-1A3956D46DE8}") = "python", "python", "{7D185B84-6188-4A96-8C5E-170AFD0739E5}"
EndProject
Project("{2150E333-8FDC-42A3-9474-1A3956D46DE8}") = "bpy", "bpy", "{761AEE61-3C2D-4C94-AD5D-CA0FA47A5DE9}"
EndProject
Project("{8BC9CEB8-8B4A-11D0-8D11-00A0C91BC942}") = "bpy_eventlog", "..\..\python\bpy\sol\vs12\projects\eventlog\eventlog.vcxproj", "{BA03E956-2EC5-4537-BF4F-708D8AB2E242}"
	ProjectSection(ProjectDependencies) = postProject
		{9D077119-87EC-40EF-8955-1F5D16A73C73} = {9D077119-87EC-40EF-8955-1F5D16A73C73}
		{C3CF231B-43BE-430E-A0AC-85F26607D37E} = {C3CF231B-43BE-430E-A0AC-85F26607D37E}
		{17EA9831-0DF2-420C-878A-800DCCB7BFE9} = {17EA9831-0DF2-420C-878A-800DCCB7BFE9}
		{7821CE4C-239A-43DB-AF9F-0AC407A54B32} = {7821CE4C-239A-43DB-AF9F-0AC407A54B32}
		{DAA016AA-BD0E-405B-811C-518DB57F5152} = {DAA016AA-BD0E-405B-811C-518DB57F5152}
	EndProjectSection
EndProject
Project("{2150E333-8FDC-42A3-9474-1A3956D46DE8}") = "demos", "demos", "{F193EFBD-55DF-48D0-8F8E-023FEB96A8C4}"
EndProject
Project("{2150E333-8FDC-42A3-9474-1A3956D46DE8}") = "eventlog", "eventlog", "{3A413307-046F-4558-B01A-A9F63BEEADCC}"
EndProject
Project("{888888A0-9F3D-457C-B088-3A5042F75D52}") = "sqlitelog_demo", "..\..\python\demos\slitelog_demo\sqlitelog_demo.pyproj", "{B6209D44-E662-489C-B234-C89B3292FEFA}"
EndProject
Project("{8BC9CEB8-8B4A-11D0-8D11-00A0C91BC942}") = "pn.vc120", "projects\pn\pn.vc120.vcxproj", "{7821CE4C-239A-43DB-AF9F-0AC407A54B32}"
	ProjectSection(ProjectDependencies) = postProject
		{17EA9831-0DF2-420C-878A-800DCCB7BFE9} = {17EA9831-0DF2-420C-878A-800DCCB7BFE9}
		{DAA016AA-BD0E-405B-811C-518DB57F5152} = {DAA016AA-BD0E-405B-811C-518DB57F5152}
	EndProjectSection
EndProject
Project("{8BC9CEB8-8B4A-11D0-8D11-00A0C91BC942}") = "pn_test", "..\..\tests\gtest\sol\vs12\projects\pn_test\pn_test.vcxproj", "{B39EB3CD-B6E0-48B3-8948-537A0EF74736}"
	ProjectSection(ProjectDependencies) = postProject
		{C3CF231B-43BE-430E-A0AC-85F26607D37E} = {C3CF231B-43BE-430E-A0AC-85F26607D37E}
		{7821CE4C-239A-43DB-AF9F-0AC407A54B32} = {7821CE4C-239A-43DB-AF9F-0AC407A54B32}
		{DAA016AA-BD0E-405B-811C-518DB57F5152} = {DAA016AA-BD0E-405B-811C-518DB57F5152}
	EndProjectSection
EndProject
Project("{2150E333-8FDC-42A3-9474-1A3956D46DE8}") = "imgs", "imgs", "{2BCB4104-A2DF-480F-BA07-A0772FA1DB13}"
	ProjectSection(SolutionItems) = preProject
		..\..\docs\imgs\tfig-0001.gif = ..\..\docs\imgs\tfig-0001.gif
		..\..\docs\imgs\ts1.pdf = ..\..\docs\imgs\ts1.pdf
	EndProjectSection
EndProject
Project("{8BC9CEB8-8B4A-11D0-8D11-00A0C91BC942}") = "complex_tests", "..\..\tests\gtest\sol\vs12\projects\complex_tests\complex_tests.vcxproj", "{17082D5F-F376-4262-B1D0-EA2C59B18F2A}"
	ProjectSection(ProjectDependencies) = postProject
		{9D077119-87EC-40EF-8955-1F5D16A73C73} = {9D077119-87EC-40EF-8955-1F5D16A73C73}
		{C3CF231B-43BE-430E-A0AC-85F26607D37E} = {C3CF231B-43BE-430E-A0AC-85F26607D37E}
		{7821CE4C-239A-43DB-AF9F-0AC407A54B32} = {7821CE4C-239A-43DB-AF9F-0AC407A54B32}
		{DAA016AA-BD0E-405B-811C-518DB57F5152} = {DAA016AA-BD0E-405B-811C-518DB57F5152}
	EndProjectSection
EndProject
Project("{2150E333-8FDC-42A3-9474-1A3956D46DE8}") = "experiments", "experiments", "{738849F0-606F-49D2-B65A-2F61C89BCBD3}"
EndProject
Project("{888888A0-9F3D-457C-B088-3A5042F75D52}") = "cexperiments", "..\..\python\demos\cexperiments\cexperiments.pyproj", "{FDF936AE-2007-45EC-9E89-85817022BF2B}"
EndProject
Global
	GlobalSection(SolutionConfigurationPlatforms) = preSolution
		Debug|Any CPU = Debug|Any CPU
		Debug|Mixed Platforms = Debug|Mixed Platforms
		Debug|Win32 = Debug|Win32
		Debug2dll|Any CPU = Debug2dll|Any CPU
		Debug2dll|Mixed Platforms = Debug2dll|Mixed Platforms
		Debug2dll|Win32 = Debug2dll|Win32
		DebugDLL|Any CPU = DebugDLL|Any CPU
		DebugDLL|Mixed Platforms = DebugDLL|Mixed Platforms
		DebugDLL|Win32 = DebugDLL|Win32
		Release|Any CPU = Release|Any CPU
		Release|Mixed Platforms = Release|Mixed Platforms
		Release|Win32 = Release|Win32
	EndGlobalSection
	GlobalSection(ProjectConfigurationPlatforms) = postSolution
		{9FBA95E3-D47A-45F3-B0A7-F39112843E22}.Debug|Any CPU.ActiveCfg = Debug|Win32
		{9FBA95E3-D47A-45F3-B0A7-F39112843E22}.Debug|Mixed Platforms.ActiveCfg = Debug|Win32
		{9FBA95E3-D47A-45F3-B0A7-F39112843E22}.Debug|Mixed Platforms.Build.0 = Debug|Win32
		{9FBA95E3-D47A-45F3-B0A7-F39112843E22}.Debug|Win32.ActiveCfg = Debug|Win32
		{9FBA95E3-D47A-45F3-B0A7-F39112843E22}.Debug|Win32.Build.0 = Debug|Win32
		{9FBA95E3-D47A-45F3-B0A7-F39112843E22}.Debug2dll|Any CPU.ActiveCfg = Debug2dll|Win32
		{9FBA95E3-D47A-45F3-B0A7-F39112843E22}.Debug2dll|Mixed Platforms.ActiveCfg = Debug2dll|Win32
		{9FBA95E3-D47A-45F3-B0A7-F39112843E22}.Debug2dll|Mixed Platforms.Build.0 = Debug2dll|Win32
		{9FBA95E3-D47A-45F3-B0A7-F39112843E22}.Debug2dll|Win32.ActiveCfg = Debug2dll|Win32
		{9FBA95E3-D47A-45F3-B0A7-F39112843E22}.Debug2dll|Win32.Build.0 = Debug2dll|Win32
		{9FBA95E3-D47A-45F3-B0A7-F39112843E22}.DebugDLL|Any CPU.ActiveCfg = DebugDLL|Win32
		{9FBA95E3-D47A-45F3-B0A7-F39112843E22}.DebugDLL|Mixed Platforms.ActiveCfg = DebugDLL|Win32
		{9FBA95E3-D47A-45F3-B0A7-F39112843E22}.DebugDLL|Mixed Platforms.Build.0 = DebugDLL|Win32
		{9FBA95E3-D47A-45F3-B0A7-F39112843E22}.DebugDLL|Win32.ActiveCfg = DebugDLL|Win32
		{9FBA95E3-D47A-45F3-B0A7-F39112843E22}.DebugDLL|Win32.Build.0 = DebugDLL|Win32
		{9FBA95E3-D47A-45F3-B0A7-F39112843E22}.Release|Any CPU.ActiveCfg = Release|Win32
		{9FBA95E3-D47A-45F3-B0A7-F39112843E22}.Release|Mixed Platforms.ActiveCfg = Release|Win32
		{9FBA95E3-D47A-45F3-B0A7-F39112843E22}.Release|Mixed Platforms.Build.0 = Release|Win32
		{9FBA95E3-D47A-45F3-B0A7-F39112843E22}.Release|Win32.ActiveCfg = Release|Win32
		{9FBA95E3-D47A-45F3-B0A7-F39112843E22}.Release|Win32.Build.0 = Release|Win32
		{6DF9D5E6-F073-4B0E-B6DE-6AF5FE1F7B56}.Debug|Any CPU.ActiveCfg = Debug|Win32
		{6DF9D5E6-F073-4B0E-B6DE-6AF5FE1F7B56}.Debug|Mixed Platforms.ActiveCfg = Debug|Win32
		{6DF9D5E6-F073-4B0E-B6DE-6AF5FE1F7B56}.Debug|Mixed Platforms.Build.0 = Debug|Win32
		{6DF9D5E6-F073-4B0E-B6DE-6AF5FE1F7B56}.Debug|Win32.ActiveCfg = Debug|Win32
		{6DF9D5E6-F073-4B0E-B6DE-6AF5FE1F7B56}.Debug|Win32.Build.0 = Debug|Win32
		{6DF9D5E6-F073-4B0E-B6DE-6AF5FE1F7B56}.Debug2dll|Any CPU.ActiveCfg = Debug2dll|Win32
		{6DF9D5E6-F073-4B0E-B6DE-6AF5FE1F7B56}.Debug2dll|Mixed Platforms.ActiveCfg = Debug2dll|Win32
		{6DF9D5E6-F073-4B0E-B6DE-6AF5FE1F7B56}.Debug2dll|Mixed Platforms.Build.0 = Debug2dll|Win32
		{6DF9D5E6-F073-4B0E-B6DE-6AF5FE1F7B56}.Debug2dll|Win32.ActiveCfg = Debug2dll|Win32
		{6DF9D5E6-F073-4B0E-B6DE-6AF5FE1F7B56}.Debug2dll|Win32.Build.0 = Debug2dll|Win32
		{6DF9D5E6-F073-4B0E-B6DE-6AF5FE1F7B56}.DebugDLL|Any CPU.ActiveCfg = DebugDLL|Win32
		{6DF9D5E6-F073-4B0E-B6DE-6AF5FE1F7B56}.DebugDLL|Mixed Platforms.ActiveCfg = DebugDLL|Win32
		{6DF9D5E6-F073-4B0E-B6DE-6AF5FE1F7B56}.DebugDLL|Mixed Platforms.Build.0 = DebugDLL|Win32
		{6DF9D5E6-F073-4B0E-B6DE-6AF5FE1F7B56}.DebugDLL|Win32.ActiveCfg = DebugDLL|Win32
		{6DF9D5E6-F073-4B0E-B6DE-6AF5FE1F7B56}.DebugDLL|Win32.Build.0 = DebugDLL|Win32
		{6DF9D5E6-F073-4B0E-B6DE-6AF5FE1F7B56}.Release|Any CPU.ActiveCfg = Release|Win32
		{6DF9D5E6-F073-4B0E-B6DE-6AF5FE1F7B56}.Release|Mixed Platforms.ActiveCfg = Release|Win32
		{6DF9D5E6-F073-4B0E-B6DE-6AF5FE1F7B56}.Release|Mixed Platforms.Build.0 = Release|Win32
		{6DF9D5E6-F073-4B0E-B6DE-6AF5FE1F7B56}.Release|Win32.ActiveCfg = Release|Win32
		{6DF9D5E6-F073-4B0E-B6DE-6AF5FE1F7B56}.Release|Win32.Build.0 = Release|Win32
		{5229C0BF-3750-4E52-A2A9-392D25C5E37F}.Debug|Any CPU.ActiveCfg = Debug|Win32
		{5229C0BF-3750-4E52-A2A9-392D25C5E37F}.Debug|Mixed Platforms.ActiveCfg = Debug|Win32
		{5229C0BF-3750-4E52-A2A9-392D25C5E37F}.Debug|Mixed Platforms.Build.0 = Debug|Win32
		{5229C0BF-3750-4E52-A2A9-392D25C5E37F}.Debug|Win32.ActiveCfg = Debug|Win32
		{5229C0BF-3750-4E52-A2A9-392D25C5E37F}.Debug|Win32.Build.0 = Debug|Win32
		{5229C0BF-3750-4E52-A2A9-392D25C5E37F}.Debug2dll|Any CPU.ActiveCfg = Debug2dll|Win32
		{5229C0BF-3750-4E52-A2A9-392D25C5E37F}.Debug2dll|Mixed Platforms.ActiveCfg = Debug2dll|Win32
		{5229C0BF-3750-4E52-A2A9-392D25C5E37F}.Debug2dll|Mixed Platforms.Build.0 = Debug2dll|Win32
		{5229C0BF-3750-4E52-A2A9-392D25C5E37F}.Debug2dll|Win32.ActiveCfg = Debug2dll|Win32
		{5229C0BF-3750-4E52-A2A9-392D25C5E37F}.Debug2dll|Win32.Build.0 = Debug2dll|Win32
		{5229C0BF-3750-4E52-A2A9-392D25C5E37F}.DebugDLL|Any CPU.ActiveCfg = DebugDLL|Win32
		{5229C0BF-3750-4E52-A2A9-392D25C5E37F}.DebugDLL|Mixed Platforms.ActiveCfg = DebugDLL|Win32
		{5229C0BF-3750-4E52-A2A9-392D25C5E37F}.DebugDLL|Mixed Platforms.Build.0 = DebugDLL|Win32
		{5229C0BF-3750-4E52-A2A9-392D25C5E37F}.DebugDLL|Win32.ActiveCfg = DebugDLL|Win32
		{5229C0BF-3750-4E52-A2A9-392D25C5E37F}.DebugDLL|Win32.Build.0 = DebugDLL|Win32
		{5229C0BF-3750-4E52-A2A9-392D25C5E37F}.Release|Any CPU.ActiveCfg = Release|Win32
		{5229C0BF-3750-4E52-A2A9-392D25C5E37F}.Release|Mixed Platforms.ActiveCfg = Release|Win32
		{5229C0BF-3750-4E52-A2A9-392D25C5E37F}.Release|Mixed Platforms.Build.0 = Release|Win32
		{5229C0BF-3750-4E52-A2A9-392D25C5E37F}.Release|Win32.ActiveCfg = Release|Win32
		{5229C0BF-3750-4E52-A2A9-392D25C5E37F}.Release|Win32.Build.0 = Release|Win32
		{9D077119-87EC-40EF-8955-1F5D16A73C73}.Debug|Any CPU.ActiveCfg = Debug|Win32
		{9D077119-87EC-40EF-8955-1F5D16A73C73}.Debug|Mixed Platforms.ActiveCfg = Debug|Win32
		{9D077119-87EC-40EF-8955-1F5D16A73C73}.Debug|Mixed Platforms.Build.0 = Debug|Win32
		{9D077119-87EC-40EF-8955-1F5D16A73C73}.Debug|Win32.ActiveCfg = Debug|Win32
		{9D077119-87EC-40EF-8955-1F5D16A73C73}.Debug|Win32.Build.0 = Debug|Win32
		{9D077119-87EC-40EF-8955-1F5D16A73C73}.Debug2dll|Any CPU.ActiveCfg = Debug2dll|Win32
		{9D077119-87EC-40EF-8955-1F5D16A73C73}.Debug2dll|Mixed Platforms.ActiveCfg = Debug2dll|Win32
		{9D077119-87EC-40EF-8955-1F5D16A73C73}.Debug2dll|Mixed Platforms.Build.0 = Debug2dll|Win32
		{9D077119-87EC-40EF-8955-1F5D16A73C73}.Debug2dll|Win32.ActiveCfg = Debug2dll|Win32
		{9D077119-87EC-40EF-8955-1F5D16A73C73}.Debug2dll|Win32.Build.0 = Debug2dll|Win32
		{9D077119-87EC-40EF-8955-1F5D16A73C73}.DebugDLL|Any CPU.ActiveCfg = DebugDLL|Win32
		{9D077119-87EC-40EF-8955-1F5D16A73C73}.DebugDLL|Mixed Platforms.ActiveCfg = DebugDLL|Win32
		{9D077119-87EC-40EF-8955-1F5D16A73C73}.DebugDLL|Mixed Platforms.Build.0 = DebugDLL|Win32
		{9D077119-87EC-40EF-8955-1F5D16A73C73}.DebugDLL|Win32.ActiveCfg = DebugDLL|Win32
		{9D077119-87EC-40EF-8955-1F5D16A73C73}.DebugDLL|Win32.Build.0 = DebugDLL|Win32
		{9D077119-87EC-40EF-8955-1F5D16A73C73}.Release|Any CPU.ActiveCfg = Release|Win32
		{9D077119-87EC-40EF-8955-1F5D16A73C73}.Release|Mixed Platforms.ActiveCfg = Release|Win32
		{9D077119-87EC-40EF-8955-1F5D16A73C73}.Release|Mixed Platforms.Build.0 = Release|Win32
		{9D077119-87EC-40EF-8955-1F5D16A73C73}.Release|Win32.ActiveCfg = Release|Win32
		{9D077119-87EC-40EF-8955-1F5D16A73C73}.Release|Win32.Build.0 = Release|Win32
		{DAA016AA-BD0E-405B-811C-518DB57F5152}.Debug|Any CPU.ActiveCfg = Debug|Win32
		{DAA016AA-BD0E-405B-811C-518DB57F5152}.Debug|Mixed Platforms.ActiveCfg = Debug|Win32
		{DAA016AA-BD0E-405B-811C-518DB57F5152}.Debug|Mixed Platforms.Build.0 = Debug|Win32
		{DAA016AA-BD0E-405B-811C-518DB57F5152}.Debug|Win32.ActiveCfg = Debug|Win32
		{DAA016AA-BD0E-405B-811C-518DB57F5152}.Debug|Win32.Build.0 = Debug|Win32
		{DAA016AA-BD0E-405B-811C-518DB57F5152}.Debug2dll|Any CPU.ActiveCfg = Debug2dll|Win32
		{DAA016AA-BD0E-405B-811C-518DB57F5152}.Debug2dll|Mixed Platforms.ActiveCfg = Debug2dll|Win32
		{DAA016AA-BD0E-405B-811C-518DB57F5152}.Debug2dll|Mixed Platforms.Build.0 = Debug2dll|Win32
		{DAA016AA-BD0E-405B-811C-518DB57F5152}.Debug2dll|Win32.ActiveCfg = Debug2dll|Win32
		{DAA016AA-BD0E-405B-811C-518DB57F5152}.Debug2dll|Win32.Build.0 = Debug2dll|Win32
		{DAA016AA-BD0E-405B-811C-518DB57F5152}.DebugDLL|Any CPU.ActiveCfg = DebugDLL|Win32
		{DAA016AA-BD0E-405B-811C-518DB57F5152}.DebugDLL|Mixed Platforms.ActiveCfg = DebugDLL|Win32
		{DAA016AA-BD0E-405B-811C-518DB57F5152}.DebugDLL|Mixed Platforms.Build.0 = DebugDLL|Win32
		{DAA016AA-BD0E-405B-811C-518DB57F5152}.DebugDLL|Win32.ActiveCfg = DebugDLL|Win32
		{DAA016AA-BD0E-405B-811C-518DB57F5152}.DebugDLL|Win32.Build.0 = DebugDLL|Win32
		{DAA016AA-BD0E-405B-811C-518DB57F5152}.Release|Any CPU.ActiveCfg = Release|Win32
		{DAA016AA-BD0E-405B-811C-518DB57F5152}.Release|Mixed Platforms.ActiveCfg = Release|Win32
		{DAA016AA-BD0E-405B-811C-518DB57F5152}.Release|Mixed Platforms.Build.0 = Release|Win32
		{DAA016AA-BD0E-405B-811C-518DB57F5152}.Release|Win32.ActiveCfg = Release|Win32
		{DAA016AA-BD0E-405B-811C-518DB57F5152}.Release|Win32.Build.0 = Release|Win32
		{17EA9831-0DF2-420C-878A-800DCCB7BFE9}.Debug|Any CPU.ActiveCfg = Debug|Win32
		{17EA9831-0DF2-420C-878A-800DCCB7BFE9}.Debug|Mixed Platforms.ActiveCfg = Debug|Win32
		{17EA9831-0DF2-420C-878A-800DCCB7BFE9}.Debug|Mixed Platforms.Build.0 = Debug|Win32
		{17EA9831-0DF2-420C-878A-800DCCB7BFE9}.Debug|Win32.ActiveCfg = Debug|Win32
		{17EA9831-0DF2-420C-878A-800DCCB7BFE9}.Debug|Win32.Build.0 = Debug|Win32
		{17EA9831-0DF2-420C-878A-800DCCB7BFE9}.Debug2dll|Any CPU.ActiveCfg = Debug2dll|Win32
		{17EA9831-0DF2-420C-878A-800DCCB7BFE9}.Debug2dll|Mixed Platforms.ActiveCfg = Debug2dll|Win32
		{17EA9831-0DF2-420C-878A-800DCCB7BFE9}.Debug2dll|Mixed Platforms.Build.0 = Debug2dll|Win32
		{17EA9831-0DF2-420C-878A-800DCCB7BFE9}.Debug2dll|Win32.ActiveCfg = Debug2dll|Win32
		{17EA9831-0DF2-420C-878A-800DCCB7BFE9}.Debug2dll|Win32.Build.0 = Debug2dll|Win32
		{17EA9831-0DF2-420C-878A-800DCCB7BFE9}.DebugDLL|Any CPU.ActiveCfg = DebugDLL|Win32
		{17EA9831-0DF2-420C-878A-800DCCB7BFE9}.DebugDLL|Mixed Platforms.ActiveCfg = DebugDLL|Win32
		{17EA9831-0DF2-420C-878A-800DCCB7BFE9}.DebugDLL|Mixed Platforms.Build.0 = DebugDLL|Win32
		{17EA9831-0DF2-420C-878A-800DCCB7BFE9}.DebugDLL|Win32.ActiveCfg = DebugDLL|Win32
		{17EA9831-0DF2-420C-878A-800DCCB7BFE9}.DebugDLL|Win32.Build.0 = DebugDLL|Win32
		{17EA9831-0DF2-420C-878A-800DCCB7BFE9}.Release|Any CPU.ActiveCfg = Release|Win32
		{17EA9831-0DF2-420C-878A-800DCCB7BFE9}.Release|Mixed Platforms.ActiveCfg = Release|Win32
		{17EA9831-0DF2-420C-878A-800DCCB7BFE9}.Release|Mixed Platforms.Build.0 = Release|Win32
		{17EA9831-0DF2-420C-878A-800DCCB7BFE9}.Release|Win32.ActiveCfg = Release|Win32
		{17EA9831-0DF2-420C-878A-800DCCB7BFE9}.Release|Win32.Build.0 = Release|Win32
		{C3CF231B-43BE-430E-A0AC-85F26607D37E}.Debug|Any CPU.ActiveCfg = Debug|Win32
		{C3CF231B-43BE-430E-A0AC-85F26607D37E}.Debug|Mixed Platforms.ActiveCfg = Debug|Win32
		{C3CF231B-43BE-430E-A0AC-85F26607D37E}.Debug|Mixed Platforms.Build.0 = Debug|Win32
		{C3CF231B-43BE-430E-A0AC-85F26607D37E}.Debug|Win32.ActiveCfg = Debug|Win32
		{C3CF231B-43BE-430E-A0AC-85F26607D37E}.Debug|Win32.Build.0 = Debug|Win32
		{C3CF231B-43BE-430E-A0AC-85F26607D37E}.Debug2dll|Any CPU.ActiveCfg = Debug2dll|Win32
		{C3CF231B-43BE-430E-A0AC-85F26607D37E}.Debug2dll|Mixed Platforms.ActiveCfg = Debug2dll|Win32
		{C3CF231B-43BE-430E-A0AC-85F26607D37E}.Debug2dll|Mixed Platforms.Build.0 = Debug2dll|Win32
		{C3CF231B-43BE-430E-A0AC-85F26607D37E}.Debug2dll|Win32.ActiveCfg = Debug2dll|Win32
		{C3CF231B-43BE-430E-A0AC-85F26607D37E}.Debug2dll|Win32.Build.0 = Debug2dll|Win32
		{C3CF231B-43BE-430E-A0AC-85F26607D37E}.DebugDLL|Any CPU.ActiveCfg = DebugDLL|Win32
		{C3CF231B-43BE-430E-A0AC-85F26607D37E}.DebugDLL|Mixed Platforms.ActiveCfg = DebugDLL|Win32
		{C3CF231B-43BE-430E-A0AC-85F26607D37E}.DebugDLL|Mixed Platforms.Build.0 = DebugDLL|Win32
		{C3CF231B-43BE-430E-A0AC-85F26607D37E}.DebugDLL|Win32.ActiveCfg = DebugDLL|Win32
		{C3CF231B-43BE-430E-A0AC-85F26607D37E}.DebugDLL|Win32.Build.0 = DebugDLL|Win32
		{C3CF231B-43BE-430E-A0AC-85F26607D37E}.Release|Any CPU.ActiveCfg = Release|Win32
		{C3CF231B-43BE-430E-A0AC-85F26607D37E}.Release|Mixed Platforms.ActiveCfg = Release|Win32
		{C3CF231B-43BE-430E-A0AC-85F26607D37E}.Release|Mixed Platforms.Build.0 = Release|Win32
		{C3CF231B-43BE-430E-A0AC-85F26607D37E}.Release|Win32.ActiveCfg = Release|Win32
		{C3CF231B-43BE-430E-A0AC-85F26607D37E}.Release|Win32.Build.0 = Release|Win32
		{3471D1E2-2A2C-481A-8028-E4295D793744}.Debug|Any CPU.ActiveCfg = Debug|Win32
		{3471D1E2-2A2C-481A-8028-E4295D793744}.Debug|Mixed Platforms.ActiveCfg = Debug|Win32
		{3471D1E2-2A2C-481A-8028-E4295D793744}.Debug|Mixed Platforms.Build.0 = Debug|Win32
		{3471D1E2-2A2C-481A-8028-E4295D793744}.Debug|Win32.ActiveCfg = Debug|Win32
		{3471D1E2-2A2C-481A-8028-E4295D793744}.Debug|Win32.Build.0 = Debug|Win32
		{3471D1E2-2A2C-481A-8028-E4295D793744}.Debug2dll|Any CPU.ActiveCfg = DebugDLL|Win32
		{3471D1E2-2A2C-481A-8028-E4295D793744}.Debug2dll|Mixed Platforms.ActiveCfg = Debug2dll|Win32
		{3471D1E2-2A2C-481A-8028-E4295D793744}.Debug2dll|Mixed Platforms.Build.0 = Debug2dll|Win32
		{3471D1E2-2A2C-481A-8028-E4295D793744}.Debug2dll|Win32.ActiveCfg = Debug2dll|Win32
		{3471D1E2-2A2C-481A-8028-E4295D793744}.Debug2dll|Win32.Build.0 = Debug2dll|Win32
		{3471D1E2-2A2C-481A-8028-E4295D793744}.DebugDLL|Any CPU.ActiveCfg = DebugDLL|Win32
		{3471D1E2-2A2C-481A-8028-E4295D793744}.DebugDLL|Mixed Platforms.ActiveCfg = DebugDLL|Win32
		{3471D1E2-2A2C-481A-8028-E4295D793744}.DebugDLL|Mixed Platforms.Build.0 = DebugDLL|Win32
		{3471D1E2-2A2C-481A-8028-E4295D793744}.DebugDLL|Win32.ActiveCfg = DebugDLL|Win32
		{3471D1E2-2A2C-481A-8028-E4295D793744}.DebugDLL|Win32.Build.0 = DebugDLL|Win32
		{3471D1E2-2A2C-481A-8028-E4295D793744}.Release|Any CPU.ActiveCfg = Release|Win32
		{3471D1E2-2A2C-481A-8028-E4295D793744}.Release|Mixed Platforms.ActiveCfg = Release|Win32
		{3471D1E2-2A2C-481A-8028-E4295D793744}.Release|Mixed Platforms.Build.0 = Release|Win32
		{3471D1E2-2A2C-481A-8028-E4295D793744}.Release|Win32.ActiveCfg = Release|Win32
		{3471D1E2-2A2C-481A-8028-E4295D793744}.Release|Win32.Build.0 = Release|Win32
		{F2548564-4879-4DA3-A85E-8EAA39EED2EB}.Debug|Any CPU.ActiveCfg = Debug|Win32
		{F2548564-4879-4DA3-A85E-8EAA39EED2EB}.Debug|Mixed Platforms.ActiveCfg = Debug|Win32
		{F2548564-4879-4DA3-A85E-8EAA39EED2EB}.Debug|Mixed Platforms.Build.0 = Debug|Win32
		{F2548564-4879-4DA3-A85E-8EAA39EED2EB}.Debug|Win32.ActiveCfg = Debug|Win32
		{F2548564-4879-4DA3-A85E-8EAA39EED2EB}.Debug|Win32.Build.0 = Debug|Win32
		{F2548564-4879-4DA3-A85E-8EAA39EED2EB}.Debug2dll|Any CPU.ActiveCfg = Debug2dll|Win32
		{F2548564-4879-4DA3-A85E-8EAA39EED2EB}.Debug2dll|Mixed Platforms.ActiveCfg = Debug2dll|Win32
		{F2548564-4879-4DA3-A85E-8EAA39EED2EB}.Debug2dll|Mixed Platforms.Build.0 = Debug2dll|Win32
		{F2548564-4879-4DA3-A85E-8EAA39EED2EB}.Debug2dll|Win32.ActiveCfg = Debug2dll|Win32
		{F2548564-4879-4DA3-A85E-8EAA39EED2EB}.Debug2dll|Win32.Build.0 = Debug2dll|Win32
		{F2548564-4879-4DA3-A85E-8EAA39EED2EB}.DebugDLL|Any CPU.ActiveCfg = DebugDLL|Win32
		{F2548564-4879-4DA3-A85E-8EAA39EED2EB}.DebugDLL|Mixed Platforms.ActiveCfg = DebugDLL|Win32
		{F2548564-4879-4DA3-A85E-8EAA39EED2EB}.DebugDLL|Mixed Platforms.Build.0 = DebugDLL|Win32
		{F2548564-4879-4DA3-A85E-8EAA39EED2EB}.DebugDLL|Win32.ActiveCfg = DebugDLL|Win32
		{F2548564-4879-4DA3-A85E-8EAA39EED2EB}.DebugDLL|Win32.Build.0 = DebugDLL|Win32
		{F2548564-4879-4DA3-A85E-8EAA39EED2EB}.Release|Any CPU.ActiveCfg = Release|Win32
		{F2548564-4879-4DA3-A85E-8EAA39EED2EB}.Release|Mixed Platforms.ActiveCfg = Release|Win32
		{F2548564-4879-4DA3-A85E-8EAA39EED2EB}.Release|Mixed Platforms.Build.0 = Release|Win32
		{F2548564-4879-4DA3-A85E-8EAA39EED2EB}.Release|Win32.ActiveCfg = Release|Win32
		{F2548564-4879-4DA3-A85E-8EAA39EED2EB}.Release|Win32.Build.0 = Release|Win32
		{CB1928C2-0821-4164-AC2A-1C15DD0CE12A}.Debug|Any CPU.ActiveCfg = Debug|Win32
		{CB1928C2-0821-4164-AC2A-1C15DD0CE12A}.Debug|Mixed Platforms.ActiveCfg = Debug|Win32
		{CB1928C2-0821-4164-AC2A-1C15DD0CE12A}.Debug|Mixed Platforms.Build.0 = Debug|Win32
		{CB1928C2-0821-4164-AC2A-1C15DD0CE12A}.Debug|Win32.ActiveCfg = Debug|Win32
		{CB1928C2-0821-4164-AC2A-1C15DD0CE12A}.Debug|Win32.Build.0 = Debug|Win32
		{CB1928C2-0821-4164-AC2A-1C15DD0CE12A}.Debug2dll|Any CPU.ActiveCfg = Debug2dll|Win32
		{CB1928C2-0821-4164-AC2A-1C15DD0CE12A}.Debug2dll|Mixed Platforms.ActiveCfg = Debug2dll|Win32
		{CB1928C2-0821-4164-AC2A-1C15DD0CE12A}.Debug2dll|Mixed Platforms.Build.0 = Debug2dll|Win32
		{CB1928C2-0821-4164-AC2A-1C15DD0CE12A}.Debug2dll|Win32.ActiveCfg = Debug2dll|Win32
		{CB1928C2-0821-4164-AC2A-1C15DD0CE12A}.Debug2dll|Win32.Build.0 = Debug2dll|Win32
		{CB1928C2-0821-4164-AC2A-1C15DD0CE12A}.DebugDLL|Any CPU.ActiveCfg = DebugDLL|Win32
		{CB1928C2-0821-4164-AC2A-1C15DD0CE12A}.DebugDLL|Mixed Platforms.ActiveCfg = DebugDLL|Win32
		{CB1928C2-0821-4164-AC2A-1C15DD0CE12A}.DebugDLL|Mixed Platforms.Build.0 = DebugDLL|Win32
		{CB1928C2-0821-4164-AC2A-1C15DD0CE12A}.DebugDLL|Win32.ActiveCfg = DebugDLL|Win32
		{CB1928C2-0821-4164-AC2A-1C15DD0CE12A}.DebugDLL|Win32.Build.0 = DebugDLL|Win32
		{CB1928C2-0821-4164-AC2A-1C15DD0CE12A}.Release|Any CPU.ActiveCfg = Release|Win32
		{CB1928C2-0821-4164-AC2A-1C15DD0CE12A}.Release|Mixed Platforms.ActiveCfg = Release|Win32
		{CB1928C2-0821-4164-AC2A-1C15DD0CE12A}.Release|Mixed Platforms.Build.0 = Release|Win32
		{CB1928C2-0821-4164-AC2A-1C15DD0CE12A}.Release|Win32.ActiveCfg = Release|Win32
		{CB1928C2-0821-4164-AC2A-1C15DD0CE12A}.Release|Win32.Build.0 = Release|Win32
		{D11DB07A-8E77-4470-AEB3-A4E734436F71}.Debug|Any CPU.ActiveCfg = Debug|Win32
		{D11DB07A-8E77-4470-AEB3-A4E734436F71}.Debug|Mixed Platforms.ActiveCfg = Debug|Win32
		{D11DB07A-8E77-4470-AEB3-A4E734436F71}.Debug|Mixed Platforms.Build.0 = Debug|Win32
		{D11DB07A-8E77-4470-AEB3-A4E734436F71}.Debug|Win32.ActiveCfg = Debug|Win32
		{D11DB07A-8E77-4470-AEB3-A4E734436F71}.Debug|Win32.Build.0 = Debug|Win32
		{D11DB07A-8E77-4470-AEB3-A4E734436F71}.Debug2dll|Any CPU.ActiveCfg = Debug|Win32
		{D11DB07A-8E77-4470-AEB3-A4E734436F71}.Debug2dll|Mixed Platforms.ActiveCfg = Debug|Win32
		{D11DB07A-8E77-4470-AEB3-A4E734436F71}.Debug2dll|Mixed Platforms.Build.0 = Debug|Win32
		{D11DB07A-8E77-4470-AEB3-A4E734436F71}.Debug2dll|Win32.ActiveCfg = Debug|Win32
		{D11DB07A-8E77-4470-AEB3-A4E734436F71}.Debug2dll|Win32.Build.0 = Debug|Win32
		{D11DB07A-8E77-4470-AEB3-A4E734436F71}.DebugDLL|Any CPU.ActiveCfg = Debug|Win32
		{D11DB07A-8E77-4470-AEB3-A4E734436F71}.DebugDLL|Mixed Platforms.ActiveCfg = Debug|Win32
		{D11DB07A-8E77-4470-AEB3-A4E734436F71}.DebugDLL|Mixed Platforms.Build.0 = Debug|Win32
		{D11DB07A-8E77-4470-AEB3-A4E734436F71}.DebugDLL|Win32.ActiveCfg = Debug|Win32
		{D11DB07A-8E77-4470-AEB3-A4E734436F71}.DebugDLL|Win32.Build.0 = Debug|Win32
		{D11DB07A-8E77-4470-AEB3-A4E734436F71}.Release|Any CPU.ActiveCfg = Release|Win32
		{D11DB07A-8E77-4470-AEB3-A4E734436F71}.Release|Mixed Platforms.ActiveCfg = Release|Win32
		{D11DB07A-8E77-4470-AEB3-A4E734436F71}.Release|Mixed Platforms.Build.0 = Release|Win32
		{D11DB07A-8E77-4470-AEB3-A4E734436F71}.Release|Win32.ActiveCfg = Release|Win32
		{D11DB07A-8E77-4470-AEB3-A4E734436F71}.Release|Win32.Build.0 = Release|Win32
		{BA03E956-2EC5-4537-BF4F-708D8AB2E242}.Debug|Any CPU.ActiveCfg = DebugDLL|Win32
		{BA03E956-2EC5-4537-BF4F-708D8AB2E242}.Debug|Mixed Platforms.ActiveCfg = DebugDLL|Win32
		{BA03E956-2EC5-4537-BF4F-708D8AB2E242}.Debug|Mixed Platforms.Build.0 = DebugDLL|Win32
		{BA03E956-2EC5-4537-BF4F-708D8AB2E242}.Debug|Win32.ActiveCfg = DebugDLL|Win32
		{BA03E956-2EC5-4537-BF4F-708D8AB2E242}.Debug|Win32.Build.0 = DebugDLL|Win32
		{BA03E956-2EC5-4537-BF4F-708D8AB2E242}.Debug2dll|Any CPU.ActiveCfg = DebugDLL|Win32
		{BA03E956-2EC5-4537-BF4F-708D8AB2E242}.Debug2dll|Mixed Platforms.ActiveCfg = DebugDLL|Win32
		{BA03E956-2EC5-4537-BF4F-708D8AB2E242}.Debug2dll|Mixed Platforms.Build.0 = DebugDLL|Win32
		{BA03E956-2EC5-4537-BF4F-708D8AB2E242}.Debug2dll|Win32.ActiveCfg = DebugDLL|Win32
		{BA03E956-2EC5-4537-BF4F-708D8AB2E242}.Debug2dll|Win32.Build.0 = DebugDLL|Win32
		{BA03E956-2EC5-4537-BF4F-708D8AB2E242}.DebugDLL|Any CPU.ActiveCfg = DebugDLL|Win32
		{BA03E956-2EC5-4537-BF4F-708D8AB2E242}.DebugDLL|Mixed Platforms.ActiveCfg = DebugDLL|Win32
		{BA03E956-2EC5-4537-BF4F-708D8AB2E242}.DebugDLL|Mixed Platforms.Build.0 = DebugDLL|Win32
		{BA03E956-2EC5-4537-BF4F-708D8AB2E242}.DebugDLL|Win32.ActiveCfg = DebugDLL|Win32
		{BA03E956-2EC5-4537-BF4F-708D8AB2E242}.DebugDLL|Win32.Build.0 = DebugDLL|Win32
		{BA03E956-2EC5-4537-BF4F-708D8AB2E242}.Release|Any CPU.ActiveCfg = Release|Win32
		{BA03E956-2EC5-4537-BF4F-708D8AB2E242}.Release|Mixed Platforms.ActiveCfg = Release|Win32
		{BA03E956-2EC5-4537-BF4F-708D8AB2E242}.Release|Mixed Platforms.Build.0 = Release|Win32
		{BA03E956-2EC5-4537-BF4F-708D8AB2E242}.Release|Win32.ActiveCfg = Release|Win32
		{BA03E956-2EC5-4537-BF4F-708D8AB2E242}.Release|Win32.Build.0 = Release|Win32
		{B6209D44-E662-489C-B234-C89B3292FEFA}.Debug|Any CPU.ActiveCfg = Debug|Any CPU
		{B6209D44-E662-489C-B234-C89B3292FEFA}.Debug|Mixed Platforms.ActiveCfg = Debug|Any CPU
		{B6209D44-E662-489C-B234-C89B3292FEFA}.Debug|Win32.ActiveCfg = Debug|Any CPU
		{B6209D44-E662-489C-B234-C89B3292FEFA}.Debug2dll|Any CPU.ActiveCfg = Debug|Any CPU
		{B6209D44-E662-489C-B234-C89B3292FEFA}.Debug2dll|Mixed Platforms.ActiveCfg = Debug|Any CPU
		{B6209D44-E662-489C-B234-C89B3292FEFA}.Debug2dll|Win32.ActiveCfg = Debug|Any CPU
		{B6209D44-E662-489C-B234-C89B3292FEFA}.DebugDLL|Any CPU.ActiveCfg = Debug|Any CPU
		{B6209D44-E662-489C-B234-C89B3292FEFA}.DebugDLL|Mixed Platforms.ActiveCfg = Debug|Any CPU
		{B6209D44-E662-489C-B234-C89B3292FEFA}.DebugDLL|Win32.ActiveCfg = Debug|Any CPU
		{B6209D44-E662-489C-B234-C89B3292FEFA}.Release|Any CPU.ActiveCfg = Release|Any CPU
		{B6209D44-E662-489C-B234-C89B3292FEFA}.Release|Mixed Platforms.ActiveCfg = Release|Any CPU
		{B6209D44-E662-489C-B234-C89B3292FEFA}.Release|Win32.ActiveCfg = Release|Any CPU
		{7821CE4C-239A-43DB-AF9F-0AC407A54B32}.Debug|Any CPU.ActiveCfg = Debug|Win32
		{7821CE4C-239A-43DB-AF9F-0AC407A54B32}.Debug|Mixed Platforms.ActiveCfg = Debug|Win32
		{7821CE4C-239A-43DB-AF9F-0AC407A54B32}.Debug|Mixed Platforms.Build.0 = Debug|Win32
		{7821CE4C-239A-43DB-AF9F-0AC407A54B32}.Debug|Win32.ActiveCfg = Debug|Win32
		{7821CE4C-239A-43DB-AF9F-0AC407A54B32}.Debug|Win32.Build.0 = Debug|Win32
		{7821CE4C-239A-43DB-AF9F-0AC407A54B32}.Debug2dll|Any CPU.ActiveCfg = Debug2dll|Win32
		{7821CE4C-239A-43DB-AF9F-0AC407A54B32}.Debug2dll|Mixed Platforms.ActiveCfg = Debug2dll|Win32
		{7821CE4C-239A-43DB-AF9F-0AC407A54B32}.Debug2dll|Mixed Platforms.Build.0 = Debug2dll|Win32
		{7821CE4C-239A-43DB-AF9F-0AC407A54B32}.Debug2dll|Win32.ActiveCfg = Debug2dll|Win32
		{7821CE4C-239A-43DB-AF9F-0AC407A54B32}.Debug2dll|Win32.Build.0 = Debug2dll|Win32
		{7821CE4C-239A-43DB-AF9F-0AC407A54B32}.DebugDLL|Any CPU.ActiveCfg = DebugDLL|Win32
		{7821CE4C-239A-43DB-AF9F-0AC407A54B32}.DebugDLL|Mixed Platforms.ActiveCfg = DebugDLL|Win32
		{7821CE4C-239A-43DB-AF9F-0AC407A54B32}.DebugDLL|Mixed Platforms.Build.0 = DebugDLL|Win32
		{7821CE4C-239A-43DB-AF9F-0AC407A54B32}.DebugDLL|Win32.ActiveCfg = DebugDLL|Win32
		{7821CE4C-239A-43DB-AF9F-0AC407A54B32}.DebugDLL|Win32.Build.0 = DebugDLL|Win32
		{7821CE4C-239A-43DB-AF9F-0AC407A54B32}.Release|Any CPU.ActiveCfg = Release|Win32
		{7821CE4C-239A-43DB-AF9F-0AC407A54B32}.Release|Mixed Platforms.ActiveCfg = Release|Win32
		{7821CE4C-239A-43DB-AF9F-0AC407A54B32}.Release|Mixed Platforms.Build.0 = Release|Win32
		{7821CE4C-239A-43DB-AF9F-0AC407A54B32}.Release|Win32.ActiveCfg = Release|Win32
		{7821CE4C-239A-43DB-AF9F-0AC407A54B32}.Release|Win32.Build.0 = Release|Win32
		{B39EB3CD-B6E0-48B3-8948-537A0EF74736}.Debug|Any CPU.ActiveCfg = Debug|Win32
		{B39EB3CD-B6E0-48B3-8948-537A0EF74736}.Debug|Mixed Platforms.ActiveCfg = Debug|Win32
		{B39EB3CD-B6E0-48B3-8948-537A0EF74736}.Debug|Mixed Platforms.Build.0 = Debug|Win32
		{B39EB3CD-B6E0-48B3-8948-537A0EF74736}.Debug|Win32.ActiveCfg = Debug|Win32
		{B39EB3CD-B6E0-48B3-8948-537A0EF74736}.Debug|Win32.Build.0 = Debug|Win32
		{B39EB3CD-B6E0-48B3-8948-537A0EF74736}.Debug2dll|Any CPU.ActiveCfg = Debug2dll|Win32
		{B39EB3CD-B6E0-48B3-8948-537A0EF74736}.Debug2dll|Mixed Platforms.ActiveCfg = Debug2dll|Win32
		{B39EB3CD-B6E0-48B3-8948-537A0EF74736}.Debug2dll|Mixed Platforms.Build.0 = Debug2dll|Win32
		{B39EB3CD-B6E0-48B3-8948-537A0EF74736}.Debug2dll|Win32.ActiveCfg = Debug2dll|Win32
		{B39EB3CD-B6E0-48B3-8948-537A0EF74736}.Debug2dll|Win32.Build.0 = Debug2dll|Win32
		{B39EB3CD-B6E0-48B3-8948-537A0EF74736}.DebugDLL|Any CPU.ActiveCfg = DebugDLL|Win32
		{B39EB3CD-B6E0-48B3-8948-537A0EF74736}.DebugDLL|Mixed Platforms.ActiveCfg = DebugDLL|Win32
		{B39EB3CD-B6E0-48B3-8948-537A0EF74736}.DebugDLL|Mixed Platforms.Build.0 = DebugDLL|Win32
		{B39EB3CD-B6E0-48B3-8948-537A0EF74736}.DebugDLL|Win32.ActiveCfg = DebugDLL|Win32
		{B39EB3CD-B6E0-48B3-8948-537A0EF74736}.DebugDLL|Win32.Build.0 = DebugDLL|Win32
		{B39EB3CD-B6E0-48B3-8948-537A0EF74736}.Release|Any CPU.ActiveCfg = Release|Win32
		{B39EB3CD-B6E0-48B3-8948-537A0EF74736}.Release|Mixed Platforms.ActiveCfg = Release|Win32
		{B39EB3CD-B6E0-48B3-8948-537A0EF74736}.Release|Mixed Platforms.Build.0 = Release|Win32
		{B39EB3CD-B6E0-48B3-8948-537A0EF74736}.Release|Win32.ActiveCfg = Release|Win32
		{B39EB3CD-B6E0-48B3-8948-537A0EF74736}.Release|Win32.Build.0 = Release|Win32
		{17082D5F-F376-4262-B1D0-EA2C59B18F2A}.Debug|Any CPU.ActiveCfg = Debug|Win32
		{17082D5F-F376-4262-B1D0-EA2C59B18F2A}.Debug|Mixed Platforms.ActiveCfg = Debug|Win32
		{17082D5F-F376-4262-B1D0-EA2C59B18F2A}.Debug|Mixed Platforms.Build.0 = Debug|Win32
		{17082D5F-F376-4262-B1D0-EA2C59B18F2A}.Debug|Win32.ActiveCfg = Debug|Win32
		{17082D5F-F376-4262-B1D0-EA2C59B18F2A}.Debug|Win32.Build.0 = Debug|Win32
		{17082D5F-F376-4262-B1D0-EA2C59B18F2A}.Debug2dll|Any CPU.ActiveCfg = Debug2dll|Win32
		{17082D5F-F376-4262-B1D0-EA2C59B18F2A}.Debug2dll|Mixed Platforms.ActiveCfg = Debug2dll|Win32
		{17082D5F-F376-4262-B1D0-EA2C59B18F2A}.Debug2dll|Mixed Platforms.Build.0 = Debug2dll|Win32
		{17082D5F-F376-4262-B1D0-EA2C59B18F2A}.Debug2dll|Win32.ActiveCfg = Debug2dll|Win32
		{17082D5F-F376-4262-B1D0-EA2C59B18F2A}.Debug2dll|Win32.Build.0 = Debug2dll|Win32
		{17082D5F-F376-4262-B1D0-EA2C59B18F2A}.DebugDLL|Any CPU.ActiveCfg = DebugDLL|Win32
		{17082D5F-F376-4262-B1D0-EA2C59B18F2A}.DebugDLL|Mixed Platforms.ActiveCfg = DebugDLL|Win32
		{17082D5F-F376-4262-B1D0-EA2C59B18F2A}.DebugDLL|Mixed Platforms.Build.0 = DebugDLL|Win32
		{17082D5F-F376-4262-B1D0-EA2C59B18F2A}.DebugDLL|Win32.ActiveCfg = DebugDLL|Win32
		{17082D5F-F376-4262-B1D0-EA2C59B18F2A}.DebugDLL|Win32.Build.0 = DebugDLL|Win32
		{17082D5F-F376-4262-B1D0-EA2C59B18F2A}.Release|Any CPU.ActiveCfg = Release|Win32
		{17082D5F-F376-4262-B1D0-EA2C59B18F2A}.Release|Mixed Platforms.ActiveCfg = Release|Win32
		{17082D5F-F376-4262-B1D0-EA2C59B18F2A}.Release|Mixed Platforms.Build.0 = Release|Win32
		{17082D5F-F376-4262-B1D0-EA2C59B18F2A}.Release|Win32.ActiveCfg = Release|Win32
		{17082D5F-F376-4262-B1D0-EA2C59B18F2A}.Release|Win32.Build.0 = Release|Win32
		{FDF936AE-2007-45EC-9E89-85817022BF2B}.Debug|Any CPU.ActiveCfg = Debug|Any CPU
		{FDF936AE-2007-45EC-9E89-85817022BF2B}.Debug|Mixed Platforms.ActiveCfg = Debug|Any CPU
		{FDF936AE-2007-45EC-9E89-85817022BF2B}.Debug|Win32.ActiveCfg = Debug|Any CPU
		{FDF936AE-2007-45EC-9E89-85817022BF2B}.Debug2dll|Any CPU.ActiveCfg = Debug|Any CPU
		{FDF936AE-2007-45EC-9E89-85817022BF2B}.Debug2dll|Mixed Platforms.ActiveCfg = Debug|Any CPU
		{FDF936AE-2007-45EC-9E89-85817022BF2B}.Debug2dll|Win32.ActiveCfg = Debug|Any CPU
		{FDF936AE-2007-45EC-9E89-85817022BF2B}.DebugDLL|Any CPU.ActiveCfg = Debug|Any CPU
		{FDF936AE-2007-45EC-9E89-85817022BF2B}.DebugDLL|Mixed Platforms.ActiveCfg = Debug|Any CPU
		{FDF936AE-2007-45EC-9E89-85817022BF2B}.DebugDLL|Win32.ActiveCfg = Debug|Any CPU
		{FDF936AE-2007-45EC-9E89-85817022BF2B}.Release|Any CPU.ActiveCfg = Release|Any CPU
		{FDF936AE-2007-45EC-9E89-85817022BF2B}.Release|Mixed Platforms.ActiveCfg = Release|Any CPU
		{FDF936AE-2007-45EC-9E89-85817022BF2B}.Release|Win32.ActiveCfg = Release|Any CPU
	EndGlobalSection
	GlobalSection(SolutionProperties) = preSolution
		HideSolutionNode = FALSE
	EndGlobalSection
	GlobalSection(NestedProjects) = preSolution
		{9FBA95E3-D47A-45F3-B0A7-F39112843E22} = {6F6428F8-883D-45E6-BCA1-F1F2580DEE57}
		{6DF9D5E6-F073-4B0E-B6DE-6AF5FE1F7B56} = {6F6428F8-883D-45E6-BCA1-F1F2580DEE57}
		{470BAF4D-95F8-41B2-B20A-34CFC157AF28} = {71DC4F11-64C5-48B7-AEF7-DF87B720FB77}
		{5229C0BF-3750-4E52-A2A9-392D25C5E37F} = {470BAF4D-95F8-41B2-B20A-34CFC157AF28}
		{9D077119-87EC-40EF-8955-1F5D16A73C73} = {985EC141-2EE2-49FB-9E7D-9AB8F3D17130}
		{DAA016AA-BD0E-405B-811C-518DB57F5152} = {985EC141-2EE2-49FB-9E7D-9AB8F3D17130}
		{17EA9831-0DF2-420C-878A-800DCCB7BFE9} = {985EC141-2EE2-49FB-9E7D-9AB8F3D17130}
		{C3CF231B-43BE-430E-A0AC-85F26607D37E} = {985EC141-2EE2-49FB-9E7D-9AB8F3D17130}
		{3471D1E2-2A2C-481A-8028-E4295D793744} = {41EFD92F-7CE5-4B1B-AD14-6F8FC2884244}
		{F2548564-4879-4DA3-A85E-8EAA39EED2EB} = {41EFD92F-7CE5-4B1B-AD14-6F8FC2884244}
		{6F6428F8-883D-45E6-BCA1-F1F2580DEE57} = {71DC4F11-64C5-48B7-AEF7-DF87B720FB77}
		{CB1928C2-0821-4164-AC2A-1C15DD0CE12A} = {41EFD92F-7CE5-4B1B-AD14-6F8FC2884244}
		{D11DB07A-8E77-4470-AEB3-A4E734436F71} = {41EFD92F-7CE5-4B1B-AD14-6F8FC2884244}
		{761AEE61-3C2D-4C94-AD5D-CA0FA47A5DE9} = {7D185B84-6188-4A96-8C5E-170AFD0739E5}
		{BA03E956-2EC5-4537-BF4F-708D8AB2E242} = {761AEE61-3C2D-4C94-AD5D-CA0FA47A5DE9}
		{F193EFBD-55DF-48D0-8F8E-023FEB96A8C4} = {7D185B84-6188-4A96-8C5E-170AFD0739E5}
		{3A413307-046F-4558-B01A-A9F63BEEADCC} = {F193EFBD-55DF-48D0-8F8E-023FEB96A8C4}
		{B6209D44-E662-489C-B234-C89B3292FEFA} = {3A413307-046F-4558-B01A-A9F63BEEADCC}
		{7821CE4C-239A-43DB-AF9F-0AC407A54B32} = {985EC141-2EE2-49FB-9E7D-9AB8F3D17130}
		{B39EB3CD-B6E0-48B3-8948-537A0EF74736} = {41EFD92F-7CE5-4B1B-AD14-6F8FC2884244}
		{2BCB4104-A2DF-480F-BA07-A0772FA1DB13} = {6F3CA6C8-48BB-4855-A7BA-361913691ABF}
		{17082D5F-F376-4262-B1D0-EA2C59B18F2A} = {41EFD92F-7CE5-4B1B-AD14-6F8FC2884244}
		{738849F0-606F-49D2-B65A-2F61C89BCBD3} = {F193EFBD-55DF-48D0-8F8E-023FEB96A8C4}
		{FDF936AE-2007-45EC-9E89-85817022BF2B} = {738849F0-606F-49D2-B65A-2F61C89BCBD3}
	EndGlobalSection
EndGlobal
