<?xml version="1.0" encoding="utf-8"?>
<Project ToolsVersion="4.0" xmlns="http://schemas.microsoft.com/developer/msbuild/2003">
  <ItemGroup>
    <Filter Include="src-tests">
      <UniqueIdentifier>{a9d2f865-3765-41cc-80dc-8c34e9335e60}</UniqueIdentifier>
    </Filter>
  </ItemGroup>
  <ItemGroup>
    <ClInclude Include="..\..\..\..\src\performance\performance_test_settings.h">
      <Filter>src-tests</Filter>
    </ClInclude>
  </ItemGroup>
  <ItemGroup>
    <ClCompile Include="..\..\..\..\src\performance\performance_1_test.cpp">
      <Filter>src-tests</Filter>
    </ClCompile>
  </ItemGroup>
</Project>