<?xml version="1.0" encoding="utf-8"?>
<Project ToolsVersion="4.0" xmlns="http://schemas.microsoft.com/developer/msbuild/2003">
  <ItemGroup>
    <Filter Include="src-tests">
      <UniqueIdentifier>{44b1c21f-c0ea-41d1-b46c-18fc621c04e4}</UniqueIdentifier>
    </Filter>
    <Filter Include="src-tests\pn">
      <UniqueIdentifier>{673db0de-1f9e-4a3b-981e-1d798e158e0c}</UniqueIdentifier>
    </Filter>
    <Filter Include="src-tests\pn\models">
      <UniqueIdentifier>{e0dfbcf2-d897-40ba-974c-8b208c89808d}</UniqueIdentifier>
    </Filter>
    <Filter Include="src-tests\pn\algos">
      <UniqueIdentifier>{bc67e43b-a4f1-4f70-a2ed-c00fac6deb75}</UniqueIdentifier>
    </Filter>
  </ItemGroup>
  <ItemGroup>
    <ClCompile Include="..\..\..\..\src\pn\models\gen_petrinet_1_test.cpp">
      <Filter>src-tests\pn\models</Filter>
    </ClCompile>
    <ClCompile Include="..\..\..\..\src\pn\models\base_ptnet_1_test.cpp">
      <Filter>src-tests\pn\models</Filter>
    </ClCompile>
    <ClCompile Include="..\..\..\..\src\pn\algos\base_ptnet_dotwriter_1_test.cpp">
      <Filter>src-tests\pn\algos</Filter>
    </ClCompile>
    <ClCompile Include="..\..\..\..\src\pn\algos\pn_synthesis_1_test.cpp">
      <Filter>src-tests\pn\algos</Filter>
    </ClCompile>
    <ClCompile Include="..\..\..\..\src\pn\models\evlog_ptnets_1_test.cpp">
      <Filter>src-tests\pn\models</Filter>
    </ClCompile>
  </ItemGroup>
  <ItemGroup>
    <ClInclude Include="..\..\..\..\src\pn\pn_test_settings.h">
      <Filter>src-tests\pn</Filter>
    </ClInclude>
    <ClInclude Include="..\..\..\..\src\pn\algos\pn_synthesis_ext.h">
      <Filter>src-tests\pn\algos</Filter>
    </ClInclude>
  </ItemGroup>
</Project>