<?xml version="1.0" encoding="utf-8"?>
<Project ToolsVersion="4.0" xmlns="http://schemas.microsoft.com/developer/msbuild/2003">
  <ItemGroup>
    <Filter Include="Resource Files">
      <UniqueIdentifier>{67DA6AB6-F800-4c08-8B7A-83BB121AAD01}</UniqueIdentifier>
      <Extensions>rc;ico;cur;bmp;dlg;rc2;rct;bin;rgs;gif;jpg;jpeg;jpe;resx;tiff;tif;png;wav;mfcribbon-ms</Extensions>
    </Filter>
    <Filter Include="src-tests">
      <UniqueIdentifier>{cd285578-89c2-45c5-91d9-b27cba8bb008}</UniqueIdentifier>
    </Filter>
    <Filter Include="src-tests\ldopa">
      <UniqueIdentifier>{fc05f61f-c4d4-46a8-81e2-de9b22f43f25}</UniqueIdentifier>
    </Filter>
    <Filter Include="src-tests\ldopa\graphs">
      <UniqueIdentifier>{a7f1e3ac-e3ac-4d16-ba6e-301510aa2410}</UniqueIdentifier>
    </Filter>
  </ItemGroup>
  <ItemGroup>
    <ClCompile Include="..\..\..\..\src\graphs\bidigraph_1_test.cpp">
      <Filter>src-tests\ldopa\graphs</Filter>
    </ClCompile>
    <ClCompile Include="..\..\..\..\src\graphs\bidigraph_2_test.cpp">
      <Filter>src-tests\ldopa\graphs</Filter>
    </ClCompile>
    <ClCompile Include="..\..\..\..\src\graphs\bidigraph_test.cpp">
      <Filter>src-tests\ldopa\graphs</Filter>
    </ClCompile>
  </ItemGroup>
</Project>